
Microsoft Visual Studio Solution File, Format Version 12.00
# Visual Studio Version 16
VisualStudioVersion = 16.0.30804.86
MinimumVisualStudioVersion = 10.0.40219.1
Project("{8BC9CEB8-8B4A-11D0-8D11-00A0C91BC942}") = "Rem", "Rem\Rem.vcxproj", "{8947EA76-5088-41D8-9C85-CE5F597F3202}"
EndProject
Project("{8BC9CEB8-8B4A-11D0-8D11-00A0C91BC942}") = "Scripture", "Scripture\Scripture.vcxproj", "{7A5EF1F1-1CFC-40D6-85C9-87F6C7E8D293}"
EndProject
Project("{8BC9CEB8-8B4A-11D0-8D11-00A0C91BC942}") = "RemApp", "Ms\RemApp\RemApp.vcxproj", "{1F4332FF-82BF-4914-93AA-3E3AAE434E29}"
EndProject
Project("{8BC9CEB8-8B4A-11D0-8D11-00A0C91BC942}") = "ScriptApp", "Ms\ScriptApp\ScriptApp.vcxproj", "{C42A805E-1A94-42FE-82FC-77D2B8DC83CF}"
	ProjectSection(ProjectDependencies) = postProject
		{7A5EF1F1-1CFC-40D6-85C9-87F6C7E8D293} = {7A5EF1F1-1CFC-40D6-85C9-87F6C7E8D293}
	EndProjectSection
EndProject
Project("{8BC9CEB8-8B4A-11D0-8D11-00A0C91BC942}") = "AppBook", "AppBook\AppBook.vcxproj", "{80D76990-CF8F-4D90-819A-68019AEA0DF6}"
EndProject
Project("{8BC9CEB8-8B4A-11D0-8D11-00A0C91BC942}") = "Vault", "Vault\Vault.vcxproj", "{1D77E995-0E33-4439-A725-53A37BB4F62A}"
EndProject
Project("{8BC9CEB8-8B4A-11D0-8D11-00A0C91BC942}") = "VaultApp", "Ms\VaultApp\VaultApp.vcxproj", "{C92AECD2-2AF4-40A9-B72A-F3FE44E074D9}"
EndProject
Project("{8BC9CEB8-8B4A-11D0-8D11-00A0C91BC942}") = "AppBookApp", "Ms\AppBookApp\AppBookApp.vcxproj", "{C2328388-DEEB-486F-AA77-1B18345BB772}"
	ProjectSection(ProjectDependencies) = postProject
		{1D77E995-0E33-4439-A725-53A37BB4F62A} = {1D77E995-0E33-4439-A725-53A37BB4F62A}
	EndProjectSection
EndProject
Global
	GlobalSection(SolutionConfigurationPlatforms) = preSolution
		Debug|x64 = Debug|x64
		Debug|x86 = Debug|x86
		Release|x64 = Release|x64
		Release|x86 = Release|x86
	EndGlobalSection
	GlobalSection(ProjectConfigurationPlatforms) = postSolution
		{8947EA76-5088-41D8-9C85-CE5F597F3202}.Debug|x64.ActiveCfg = Debug|x64
		{8947EA76-5088-41D8-9C85-CE5F597F3202}.Debug|x64.Build.0 = Debug|x64
		{8947EA76-5088-41D8-9C85-CE5F597F3202}.Debug|x86.ActiveCfg = Debug|Win32
		{8947EA76-5088-41D8-9C85-CE5F597F3202}.Debug|x86.Build.0 = Debug|Win32
		{8947EA76-5088-41D8-9C85-CE5F597F3202}.Release|x64.ActiveCfg = Release|x64
		{8947EA76-5088-41D8-9C85-CE5F597F3202}.Release|x64.Build.0 = Release|x64
		{8947EA76-5088-41D8-9C85-CE5F597F3202}.Release|x86.ActiveCfg = Release|Win32
		{8947EA76-5088-41D8-9C85-CE5F597F3202}.Release|x86.Build.0 = Release|Win32
		{7A5EF1F1-1CFC-40D6-85C9-87F6C7E8D293}.Debug|x64.ActiveCfg = Debug|x64
		{7A5EF1F1-1CFC-40D6-85C9-87F6C7E8D293}.Debug|x64.Build.0 = Debug|x64
		{7A5EF1F1-1CFC-40D6-85C9-87F6C7E8D293}.Debug|x86.ActiveCfg = Debug|Win32
		{7A5EF1F1-1CFC-40D6-85C9-87F6C7E8D293}.Debug|x86.Build.0 = Debug|Win32
		{7A5EF1F1-1CFC-40D6-85C9-87F6C7E8D293}.Release|x64.ActiveCfg = Release|x64
		{7A5EF1F1-1CFC-40D6-85C9-87F6C7E8D293}.Release|x64.Build.0 = Release|x64
		{7A5EF1F1-1CFC-40D6-85C9-87F6C7E8D293}.Release|x86.ActiveCfg = Release|Win32
		{7A5EF1F1-1CFC-40D6-85C9-87F6C7E8D293}.Release|x86.Build.0 = Release|Win32
		{1F4332FF-82BF-4914-93AA-3E3AAE434E29}.Debug|x64.ActiveCfg = Debug|x64
		{1F4332FF-82BF-4914-93AA-3E3AAE434E29}.Debug|x64.Build.0 = Debug|x64
		{1F4332FF-82BF-4914-93AA-3E3AAE434E29}.Debug|x86.ActiveCfg = Debug|Win32
		{1F4332FF-82BF-4914-93AA-3E3AAE434E29}.Debug|x86.Build.0 = Debug|Win32
		{1F4332FF-82BF-4914-93AA-3E3AAE434E29}.Release|x64.ActiveCfg = Release|x64
		{1F4332FF-82BF-4914-93AA-3E3AAE434E29}.Release|x64.Build.0 = Release|x64
		{1F4332FF-82BF-4914-93AA-3E3AAE434E29}.Release|x86.ActiveCfg = Release|Win32
		{1F4332FF-82BF-4914-93AA-3E3AAE434E29}.Release|x86.Build.0 = Release|Win32
		{C42A805E-1A94-42FE-82FC-77D2B8DC83CF}.Debug|x64.ActiveCfg = Debug|x64
		{C42A805E-1A94-42FE-82FC-77D2B8DC83CF}.Debug|x64.Build.0 = Debug|x64
		{C42A805E-1A94-42FE-82FC-77D2B8DC83CF}.Debug|x86.ActiveCfg = Debug|Win32
		{C42A805E-1A94-42FE-82FC-77D2B8DC83CF}.Debug|x86.Build.0 = Debug|Win32
		{C42A805E-1A94-42FE-82FC-77D2B8DC83CF}.Release|x64.ActiveCfg = Release|x64
		{C42A805E-1A94-42FE-82FC-77D2B8DC83CF}.Release|x64.Build.0 = Release|x64
		{C42A805E-1A94-42FE-82FC-77D2B8DC83CF}.Release|x86.ActiveCfg = Release|Win32
		{C42A805E-1A94-42FE-82FC-77D2B8DC83CF}.Release|x86.Build.0 = Release|Win32
		{80D76990-CF8F-4D90-819A-68019AEA0DF6}.Debug|x64.ActiveCfg = Debug|x64
		{80D76990-CF8F-4D90-819A-68019AEA0DF6}.Debug|x64.Build.0 = Debug|x64
		{80D76990-CF8F-4D90-819A-68019AEA0DF6}.Debug|x86.ActiveCfg = Debug|Win32
		{80D76990-CF8F-4D90-819A-68019AEA0DF6}.Debug|x86.Build.0 = Debug|Win32
		{80D76990-CF8F-4D90-819A-68019AEA0DF6}.Release|x64.ActiveCfg = Release|x64
		{80D76990-CF8F-4D90-819A-68019AEA0DF6}.Release|x64.Build.0 = Release|x64
		{80D76990-CF8F-4D90-819A-68019AEA0DF6}.Release|x86.ActiveCfg = Release|Win32
		{80D76990-CF8F-4D90-819A-68019AEA0DF6}.Release|x86.Build.0 = Release|Win32
		{1D77E995-0E33-4439-A725-53A37BB4F62A}.Debug|x64.ActiveCfg = Debug|x64
		{1D77E995-0E33-4439-A725-53A37BB4F62A}.Debug|x64.Build.0 = Debug|x64
		{1D77E995-0E33-4439-A725-53A37BB4F62A}.Debug|x86.ActiveCfg = Debug|Win32
		{1D77E995-0E33-4439-A725-53A37BB4F62A}.Debug|x86.Build.0 = Debug|Win32
		{1D77E995-0E33-4439-A725-53A37BB4F62A}.Release|x64.ActiveCfg = Release|x64
		{1D77E995-0E33-4439-A725-53A37BB4F62A}.Release|x64.Build.0 = Release|x64
		{1D77E995-0E33-4439-A725-53A37BB4F62A}.Release|x86.ActiveCfg = Release|Win32
		{1D77E995-0E33-4439-A725-53A37BB4F62A}.Release|x86.Build.0 = Release|Win32
		{C92AECD2-2AF4-40A9-B72A-F3FE44E074D9}.Debug|x64.ActiveCfg = Debug|x64
		{C92AECD2-2AF4-40A9-B72A-F3FE44E074D9}.Debug|x64.Build.0 = Debug|x64
		{C92AECD2-2AF4-40A9-B72A-F3FE44E074D9}.Debug|x86.ActiveCfg = Debug|Win32
		{C92AECD2-2AF4-40A9-B72A-F3FE44E074D9}.Debug|x86.Build.0 = Debug|Win32
		{C92AECD2-2AF4-40A9-B72A-F3FE44E074D9}.Release|x64.ActiveCfg = Release|x64
		{C92AECD2-2AF4-40A9-B72A-F3FE44E074D9}.Release|x64.Build.0 = Release|x64
		{C92AECD2-2AF4-40A9-B72A-F3FE44E074D9}.Release|x86.ActiveCfg = Release|Win32
		{C92AECD2-2AF4-40A9-B72A-F3FE44E074D9}.Release|x86.Build.0 = Release|Win32
		{C2328388-DEEB-486F-AA77-1B18345BB772}.Debug|x64.ActiveCfg = Debug|x64
		{C2328388-DEEB-486F-AA77-1B18345BB772}.Debug|x64.Build.0 = Debug|x64
		{C2328388-DEEB-486F-AA77-1B18345BB772}.Debug|x86.ActiveCfg = Debug|Win32
		{C2328388-DEEB-486F-AA77-1B18345BB772}.Debug|x86.Build.0 = Debug|Win32
		{C2328388-DEEB-486F-AA77-1B18345BB772}.Release|x64.ActiveCfg = Release|x64
		{C2328388-DEEB-486F-AA77-1B18345BB772}.Release|x64.Build.0 = Release|x64
		{C2328388-DEEB-486F-AA77-1B18345BB772}.Release|x86.ActiveCfg = Release|Win32
		{C2328388-DEEB-486F-AA77-1B18345BB772}.Release|x86.Build.0 = Release|Win32
	EndGlobalSection
	GlobalSection(SolutionProperties) = preSolution
		HideSolutionNode = FALSE
	EndGlobalSection
	GlobalSection(ExtensibilityGlobals) = postSolution
		SolutionGuid = {CADF13F9-2070-4533-B134-2965B472E2D5}
	EndGlobalSection
EndGlobal
